<?xml version="1.0" encoding="UTF-8" standalone="yes" ?>
<CodeBlocks_project_file>
	<FileVersion major="1" minor="6" />
	<Project>
		<Option title="Test" />
		<Option pch_mode="2" />
		<Option compiler="gcc" />
		<Build>
			<Target title="Linux_Debug">
				<Option output="bin/linux/Debug/Test_linuxd" prefix_auto="1" extension_auto="1" />
				<Option object_output="obj/linux/Debug/" />
				<Option type="1" />
				<Option compiler="gcc" />
				<Compiler>
					<Add option="-g" />
					<Add option="-D_DEBUG" />
				</Compiler>
			</Target>
			<Target title="Linux_Release">
				<Option output="bin/linux/Release/Test_linux" prefix_auto="1" extension_auto="1" />
				<Option object_output="obj/linux/Release/" />
				<Option type="1" />
				<Option compiler="gcc" />
				<Compiler>
					<Add option="-O2" />
					<Add option="-DNDEBUG" />
				</Compiler>
				<Linker>
					<Add option="-s" />
				</Linker>
			</Target>
		</Build>
		<Compiler>
			<Add option="-Wall" />
			<Add option="-fexceptions" />
			<Add option="`sdl2-config --cflags`" />
			<Add option="-D_LINUX" />
			<Add directory="../../dakiilib/lib" />
			<Add directory="../../dakiilib/dfc" />
			<Add directory="../../dakiilib/helper" />
			<Add directory="/usr/local/include/SDL2" />
		</Compiler>
		<Linker>
			<Add option="`sdl2-config --libs`" />
		</Linker>
		<Unit filename="../../dakiilib/dfc/dfc.h" />
		<Unit filename="../../dakiilib/dfc/dfc3DEntity.cpp" />
		<Unit filename="../../dakiilib/dfc/dfc3DEntity.h" />
		<Unit filename="../../dakiilib/dfc/dfc3DMaze.cpp" />
		<Unit filename="../../dakiilib/dfc/dfc3DMaze.h" />
		<Unit filename="../../dakiilib/dfc/dfc3DSprite.cpp" />
		<Unit filename="../../dakiilib/dfc/dfc3DSprite.h" />
		<Unit filename="../../dakiilib/dfc/dfcApp.cpp" />
		<Unit filename="../../dakiilib/dfc/dfcApp.h" />
		<Unit filename="../../dakiilib/dfc/dfcBackground.cpp" />
		<Unit filename="../../dakiilib/dfc/dfcBackground.h" />
		<Unit filename="../../dakiilib/dfc/dfcButton.cpp" />
		<Unit filename="../../dakiilib/dfc/dfcButton.h" />
		<Unit filename="../../dakiilib/dfc/dfcCamera.cpp" />
		<Unit filename="../../dakiilib/dfc/dfcCamera.h" />
		<Unit filename="../../dakiilib/dfc/dfcContext.cpp" />
		<Unit filename="../../dakiilib/dfc/dfcContext.h" />
		<Unit filename="../../dakiilib/dfc/dfcDictionary.cpp" />
		<Unit filename="../../dakiilib/dfc/dfcDictionary.h" />
		<Unit filename="../../dakiilib/dfc/dfcEntity.cpp" />
		<Unit filename="../../dakiilib/dfc/dfcEntity.h" />
		<Unit filename="../../dakiilib/dfc/dfcFont.cpp" />
		<Unit filename="../../dakiilib/dfc/dfcFont.h" />
		<Unit filename="../../dakiilib/dfc/dfcLabel.cpp" />
		<Unit filename="../../dakiilib/dfc/dfcLabel.h" />
		<Unit filename="../../dakiilib/dfc/dfcMusic.cpp" />
		<Unit filename="../../dakiilib/dfc/dfcMusic.h" />
		<Unit filename="../../dakiilib/dfc/dfcObj.cpp" />
		<Unit filename="../../dakiilib/dfc/dfcObj.h" />
		<Unit filename="../../dakiilib/dfc/dfcPhysObj.cpp" />
		<Unit filename="../../dakiilib/dfc/dfcPhysObj.h" />
		<Unit filename="../../dakiilib/dfc/dfcRPGEngine.cpp" />
		<Unit filename="../../dakiilib/dfc/dfcRPGEngine.h" />
		<Unit filename="../../dakiilib/dfc/dfcRPGEngineEntities.cpp" />
		<Unit filename="../../dakiilib/dfc/dfcRPGEngineEntities.h" />
		<Unit filename="../../dakiilib/dfc/dfcRPGEngineItems.cpp" />
		<Unit filename="../../dakiilib/dfc/dfcRPGEngineItems.h" />
		<Unit filename="../../dakiilib/dfc/dfcRPGEngineSpells.cpp" />
		<Unit filename="../../dakiilib/dfc/dfcRPGEngineSpells.h" />
		<Unit filename="../../dakiilib/dfc/dfcSceneEngine.cpp" />
		<Unit filename="../../dakiilib/dfc/dfcSceneEngine.h" />
		<Unit filename="../../dakiilib/dfc/dfcSceneNodes.cpp" />
		<Unit filename="../../dakiilib/dfc/dfcSceneNodes.h" />
		<Unit filename="../../dakiilib/dfc/dfcSound.cpp" />
		<Unit filename="../../dakiilib/dfc/dfcSound.h" />
		<Unit filename="../../dakiilib/helper/DString.cpp" />
		<Unit filename="../../dakiilib/helper/DString.h" />
		<Unit filename="../../dakiilib/helper/XMLLoader.cpp" />
		<Unit filename="../../dakiilib/helper/XMLLoader.h" />
		<Unit filename="../../dakiilib/lib/lib.h" />
		<Unit filename="../../dakiilib/lib/libMacros.h" />
		<Unit filename="../../dakiilib/lib/libMath.cpp" />
		<Unit filename="../../dakiilib/lib/libMath.h" />
		<Unit filename="../../dakiilib/lib/libMng3D.h" />
		<Unit filename="../../dakiilib/lib/libMngGraphic.h" />
		<Unit filename="../../dakiilib/lib/libMngIO.cpp" />
		<Unit filename="../../dakiilib/lib/libMngIO.h" />
		<Unit filename="../../dakiilib/lib/libMngInput.h" />
		<Unit filename="../../dakiilib/lib/libMngResIO.cpp" />
		<Unit filename="../../dakiilib/lib/libMngResIO.h" />
		<Unit filename="../../dakiilib/lib/libMngSound.h" />
		<Unit filename="../../dakiilib/lib/libTypes.h" />
		<Unit filename="../../dakiilib/lib/linux/libMacros_linux.h" />
		<Unit filename="../../dakiilib/lib/linux/libMng3D_linux.cpp" />
		<Unit filename="../../dakiilib/lib/linux/libMng3D_linux.h" />
		<Unit filename="../../dakiilib/lib/linux/libMngGraphic_linux.cpp" />
		<Unit filename="../../dakiilib/lib/linux/libMngGraphic_linux.h" />
		<Unit filename="../../dakiilib/lib/linux/libMngInput_linux.cpp" />
		<Unit filename="../../dakiilib/lib/linux/libMngInput_linux.h" />
		<Unit filename="../../dakiilib/lib/linux/libMngSound_linux.cpp" />
		<Unit filename="../../dakiilib/lib/linux/libMngSound_linux.h" />
		<Unit filename="../../dakiilib/lib/linux/libSystem_linux.cpp" />
		<Unit filename="../../dakiilib/lib/linux/libTypes_linux.h" />
		<Unit filename="../../dakiilib/lib/linux/lib_linux.h" />
		<Unit filename="AppTest.cpp" />
		<Unit filename="AppTest.h" />
		<Unit filename="CtxToto.cpp" />
		<Unit filename="CtxToto.h" />
		<Unit filename="game.h" />
		<Unit filename="resScript/BkTest.background" />
		<Unit filename="resScript/CollisionWalls.sound" />
		<Unit filename="resScript/CtxTest.context" />
		<Unit filename="resScript/DicTest.dictionary" />
		<Unit filename="resScript/Font8.font" />
		<Unit filename="resScript/Hero.entity" />
		<Unit filename="resScript/Hero3D.3dentity" />
		<Unit filename="resScript/Music1.sound" />
		<Unit filename="resScript/gp2x/AppTest.application" />
		<Unit filename="resScript/gp2x/BkToto.background" />
		<Unit filename="resScript/lblTest.label" />
		<Unit filename="resScript/linux/AppTest.application" />
		<Unit filename="resScript/linux/BkToto.background" />
		<Extensions>
			<envvars />
			<code_completion />
			<debugger />
		</Extensions>
	</Project>
</CodeBlocks_project_file>
